{
	"name": "module-1",
	"version": "1.2.1",
	"lockfileVersion": 1,
	"requires": true,
	"dependencies": {
		"@auto/img-crop": {
			"version": "2.3.0",
			"resolved": "http://r.npm.corpautohome.com/@auto/img-crop/download/@auto/img-crop-2.3.0.tgz",
			"integrity": "sha1-w1+/nuGrXU/KHYqzF185fvgq8ks="
		},
		"@shimengzhang/module-3": {
			"version": "1.2.0",
			"resolved": "https://registry.npmjs.org/@shimengzhang/module-3/-/module-3-1.2.0.tgz",
			"integrity": "sha512-Hx2GMpzPyDYFbGnIpJNZDhOZcmBag/RjRMcrHdYcEaaoUGk1YMxfy6zd0mGGlbY/UgYrwVyelGFocIrQBdR58Q=="
		},
		"dom7": {
			"version": "3.0.0",
			"resolved": "https://registry.npmjs.org/dom7/-/dom7-3.0.0.tgz",
			"integrity": "sha512-oNlcUdHsC4zb7Msx7JN3K0Nro1dzJ48knvBOnDPKJ2GV9wl1i5vydJZUSyOfrkKFDZEud/jBsTk92S/VGSAe/g==",
			"requires": {
				"ssr-window": "^3.0.0-alpha.1"
			}
		},
		"lazyload": {
			"version": "2.0.0-rc.2",
			"resolved": "https://registry.npm.taobao.org/lazyload/download/lazyload-2.0.0-rc.2.tgz",
			"integrity": "sha1-x3TreWbzNMm+0vJ1gPwzOncOslY="
		},
		"ssr-window": {
			"version": "3.0.0",
			"resolved": "https://registry.npmjs.org/ssr-window/-/ssr-window-3.0.0.tgz",
			"integrity": "sha512-q+8UfWDg9Itrg0yWK7oe5p/XRCJpJF9OBtXfOPgSJl+u3Xd5KI328RUEvUqSMVM9CiQUEf1QdBzJMkYGErj9QA=="
		},
		"swiper": {
			"version": "6.5.1",
			"resolved": "https://registry.npmjs.org/swiper/-/swiper-6.5.1.tgz",
			"integrity": "sha512-iuyg4cr+L7wo5EI0fWUuW+lT3BnNtVTYtInhUC5JImTr0i8jNranx8BPyN8AOSKa6jBYN+oaCzj8DAwGK+ngRg==",
			"requires": {
				"dom7": "^3.0.0",
				"ssr-window": "^3.0.0"
			}
		},
		"zepto": {
			"version": "1.2.0",
			"resolved": "https://registry.npm.taobao.org/zepto/download/zepto-1.2.0.tgz",
			"integrity": "sha1-4Se9nmb9hGvl6rSME5SIL3wOT5g="
		}
	}
}
